
Microsoft Visual Studio Solution File, Format Version 12.00
# Visual Studio Version 17
VisualStudioVersion = 17.12.35521.163
MinimumVisualStudioVersion = 10.0.40219.1
Project("{FAE04EC0-301F-11D3-BF4B-00C04F79EFBC}") = "ConsoleApp1", "ConsoleApp1\ConsoleApp1.csproj", "{EA7661C2-F6F2-4065-8661-B73FCA3F2D81}"
EndProject
Project("{2150E333-8FDC-42A3-9474-1A3956D46DE8}") = "Solution Items", "Solution Items", "{910E9DA6-3953-4B51-89C4-A30527FDC5AC}"
	ProjectSection(SolutionItems) = preProject
		README.md = README.md
	EndProjectSection
EndProject
Global
	GlobalSection(SolutionConfigurationPlatforms) = preSolution
		Debug|Any CPU = Debug|Any CPU
		Release|Any CPU = Release|Any CPU
	EndGlobalSection
	GlobalSection(ProjectConfigurationPlatforms) = postSolution
		{EA7661C2-F6F2-4065-8661-B73FCA3F2D81}.Debug|Any CPU.ActiveCfg = Debug|Any CPU
		{EA7661C2-F6F2-4065-8661-B73FCA3F2D81}.Debug|Any CPU.Build.0 = Debug|Any CPU
		{EA7661C2-F6F2-4065-8661-B73FCA3F2D81}.Release|Any CPU.ActiveCfg = Release|Any CPU
		{EA7661C2-F6F2-4065-8661-B73FCA3F2D81}.Release|Any CPU.Build.0 = Release|Any CPU
	EndGlobalSection
	GlobalSection(SolutionProperties) = preSolution
		HideSolutionNode = FALSE
	EndGlobalSection
EndGlobal
